
Microsoft Visual Studio Solution File, Format Version 12.00
# Visual Studio 15
VisualStudioVersion = 15.0.34320.172
MinimumVisualStudioVersion = 10.0.40219.1
Project("{FAE04EC0-301F-11D3-BF4B-00C04F79EFBC}") = "LocationServiceApi", "LocationServiceApi\LocationServiceApi.csproj", "{21C57B1C-F818-4AD2-9426-64829463907F}"
EndProject
Global
	GlobalSection(SolutionConfigurationPlatforms) = preSolution
		Debug|Any CPU = Debug|Any CPU
		Release|Any CPU = Release|Any CPU
	EndGlobalSection
	GlobalSection(ProjectConfigurationPlatforms) = postSolution
		{21C57B1C-F818-4AD2-9426-64829463907F}.Debug|Any CPU.ActiveCfg = Debug|Any CPU
		{21C57B1C-F818-4AD2-9426-64829463907F}.Debug|Any CPU.Build.0 = Debug|Any CPU
		{21C57B1C-F818-4AD2-9426-64829463907F}.Release|Any CPU.ActiveCfg = Release|Any CPU
		{21C57B1C-F818-4AD2-9426-64829463907F}.Release|Any CPU.Build.0 = Release|Any CPU
	EndGlobalSection
	GlobalSection(SolutionProperties) = preSolution
		HideSolutionNode = FALSE
	EndGlobalSection
	GlobalSection(ExtensibilityGlobals) = postSolution
		SolutionGuid = {AC7E15D6-5A15-4DFA-9EB4-F3BA717668BA}
	EndGlobalSection
EndGlobal
